
Microsoft Visual Studio Solution File, Format Version 12.00
# Visual Studio 2012
Project("{FAE04EC0-301F-11D3-BF4B-00C04F79EFBC}") = "ConsoleApplication1", "ConsoleApplication1.csproj", "{621C4905-ADB3-4AC7-A467-79BB2D88F9DE}"
EndProject
Project("{FAE04EC0-301F-11D3-BF4B-00C04F79EFBC}") = "ClassLibrary1", "..\ClassLibrary1\ClassLibrary1.csproj", "{B5982E77-F711-4BE1-95B0-2C64F9344A9B}"
EndProject
Project("{FAE04EC0-301F-11D3-BF4B-00C04F79EFBC}") = "UnitTestProject1", "UnitTestProject1\UnitTestProject1.csproj", "{98DB44E4-4484-47EF-8FC7-C2E42E28A2B1}"
EndProject
Global
	GlobalSection(SolutionConfigurationPlatforms) = preSolution
		Debug|Any CPU = Debug|Any CPU
		Release|Any CPU = Release|Any CPU
	EndGlobalSection
	GlobalSection(ProjectConfigurationPlatforms) = postSolution
		{621C4905-ADB3-4AC7-A467-79BB2D88F9DE}.Debug|Any CPU.ActiveCfg = Debug|Any CPU
		{621C4905-ADB3-4AC7-A467-79BB2D88F9DE}.Debug|Any CPU.Build.0 = Debug|Any CPU
		{621C4905-ADB3-4AC7-A467-79BB2D88F9DE}.Release|Any CPU.ActiveCfg = Release|Any CPU
		{621C4905-ADB3-4AC7-A467-79BB2D88F9DE}.Release|Any CPU.Build.0 = Release|Any CPU
		{B5982E77-F711-4BE1-95B0-2C64F9344A9B}.Debug|Any CPU.ActiveCfg = Debug|Any CPU
		{B5982E77-F711-4BE1-95B0-2C64F9344A9B}.Debug|Any CPU.Build.0 = Debug|Any CPU
		{B5982E77-F711-4BE1-95B0-2C64F9344A9B}.Release|Any CPU.ActiveCfg = Release|Any CPU
		{B5982E77-F711-4BE1-95B0-2C64F9344A9B}.Release|Any CPU.Build.0 = Release|Any CPU
		{98DB44E4-4484-47EF-8FC7-C2E42E28A2B1}.Debug|Any CPU.ActiveCfg = Debug|Any CPU
		{98DB44E4-4484-47EF-8FC7-C2E42E28A2B1}.Debug|Any CPU.Build.0 = Debug|Any CPU
		{98DB44E4-4484-47EF-8FC7-C2E42E28A2B1}.Release|Any CPU.ActiveCfg = Release|Any CPU
		{98DB44E4-4484-47EF-8FC7-C2E42E28A2B1}.Release|Any CPU.Build.0 = Release|Any CPU
	EndGlobalSection
	GlobalSection(SolutionProperties) = preSolution
		HideSolutionNode = FALSE
	EndGlobalSection
EndGlobal
